// !$*UTF8*$!
{
	archiveVersion = 1;
	classes = {
	};
	objectVersion = 56;
	objects = {

/* Begin PBXBuildFile section */
		001114162B639A6400AE3796 /* LootView.swift in Sources */ = {isa = PBXBuildFile; fileRef = 001114152B639A6400AE3796 /* LootView.swift */; };
		001114182B639A6F00AE3796 /* WishListView.swift in Sources */ = {isa = PBXBuildFile; fileRef = 001114172B639A6F00AE3796 /* WishListView.swift */; };
		0011141A2B639A7A00AE3796 /* ProfileView.swift in Sources */ = {isa = PBXBuildFile; fileRef = 001114192B639A7A00AE3796 /* ProfileView.swift */; };
		006C9ACF2B5A78F50034296C /* LooterApp.swift in Sources */ = {isa = PBXBuildFile; fileRef = 006C9ACE2B5A78F50034296C /* LooterApp.swift */; };
		006C9AD12B5A78F50034296C /* ContentView.swift in Sources */ = {isa = PBXBuildFile; fileRef = 006C9AD02B5A78F50034296C /* ContentView.swift */; };
		006C9AD32B5A78F70034296C /* Assets.xcassets in Resources */ = {isa = PBXBuildFile; fileRef = 006C9AD22B5A78F70034296C /* Assets.xcassets */; };
		006C9AD62B5A78F70034296C /* Preview Assets.xcassets in Resources */ = {isa = PBXBuildFile; fileRef = 006C9AD52B5A78F70034296C /* Preview Assets.xcassets */; };
		006C9ADD2B5A7DB50034296C /* AddItemView.swift in Sources */ = {isa = PBXBuildFile; fileRef = 006C9ADC2B5A7DB50034296C /* AddItemView.swift */; };
		006C9ADF2B5A8CBD0034296C /* LootItem.swift in Sources */ = {isa = PBXBuildFile; fileRef = 006C9ADE2B5A8CBD0034296C /* LootItem.swift */; };
		006C9AE12B5A980C0034296C /* Game.swift in Sources */ = {isa = PBXBuildFile; fileRef = 006C9AE02B5A980C0034296C /* Game.swift */; };
		006C9AEE2B5ABC0A0034296C /* LootDetailView.swift in Sources */ = {isa = PBXBuildFile; fileRef = 006C9AED2B5ABC0A0034296C /* LootDetailView.swift */; };
		00ACA9792B5FCCF7009A5B55 /* LootRow.swift in Sources */ = {isa = PBXBuildFile; fileRef = 00ACA9782B5FCCF7009A5B55 /* LootRow.swift */; };
		00ACA97B2B5FD053009A5B55 /* AnimationsRow.swift in Sources */ = {isa = PBXBuildFile; fileRef = 00ACA97A2B5FD053009A5B55 /* AnimationsRow.swift */; };
		00ACA97D2B5FD19E009A5B55 /* DetailsItemRow.swift in Sources */ = {isa = PBXBuildFile; fileRef = 00ACA97C2B5FD19E009A5B55 /* DetailsItemRow.swift */; };
		00ACA9A62B6160BA009A5B55 /* OnboardingView.swift in Sources */ = {isa = PBXBuildFile; fileRef = 00ACA9A52B6160BA009A5B55 /* OnboardingView.swift */; };
		00ACA9A82B6160C6009A5B55 /* OnboardingPageView.swift in Sources */ = {isa = PBXBuildFile; fileRef = 00ACA9A72B6160C6009A5B55 /* OnboardingPageView.swift */; };
/* End PBXBuildFile section */

/* Begin PBXFileReference section */
		001114152B639A6400AE3796 /* LootView.swift */ = {isa = PBXFileReference; lastKnownFileType = sourcecode.swift; path = LootView.swift; sourceTree = "<group>"; };
		001114172B639A6F00AE3796 /* WishListView.swift */ = {isa = PBXFileReference; lastKnownFileType = sourcecode.swift; path = WishListView.swift; sourceTree = "<group>"; };
		001114192B639A7A00AE3796 /* ProfileView.swift */ = {isa = PBXFileReference; lastKnownFileType = sourcecode.swift; path = ProfileView.swift; sourceTree = "<group>"; };
		006C9ACB2B5A78F50034296C /* Looter.app */ = {isa = PBXFileReference; explicitFileType = wrapper.application; includeInIndex = 0; path = Looter.app; sourceTree = BUILT_PRODUCTS_DIR; };
		006C9ACE2B5A78F50034296C /* LooterApp.swift */ = {isa = PBXFileReference; lastKnownFileType = sourcecode.swift; path = LooterApp.swift; sourceTree = "<group>"; };
		006C9AD02B5A78F50034296C /* ContentView.swift */ = {isa = PBXFileReference; lastKnownFileType = sourcecode.swift; path = ContentView.swift; sourceTree = "<group>"; };
		006C9AD22B5A78F70034296C /* Assets.xcassets */ = {isa = PBXFileReference; lastKnownFileType = folder.assetcatalog; path = Assets.xcassets; sourceTree = "<group>"; };
		006C9AD52B5A78F70034296C /* Preview Assets.xcassets */ = {isa = PBXFileReference; lastKnownFileType = folder.assetcatalog; path = "Preview Assets.xcassets"; sourceTree = "<group>"; };
		006C9ADC2B5A7DB50034296C /* AddItemView.swift */ = {isa = PBXFileReference; lastKnownFileType = sourcecode.swift; path = AddItemView.swift; sourceTree = "<group>"; };
		006C9ADE2B5A8CBD0034296C /* LootItem.swift */ = {isa = PBXFileReference; lastKnownFileType = sourcecode.swift; path = LootItem.swift; sourceTree = "<group>"; };
		006C9AE02B5A980C0034296C /* Game.swift */ = {isa = PBXFileReference; lastKnownFileType = sourcecode.swift; path = Game.swift; sourceTree = "<group>"; };
		006C9AED2B5ABC0A0034296C /* LootDetailView.swift */ = {isa = PBXFileReference; lastKnownFileType = sourcecode.swift; path = LootDetailView.swift; sourceTree = "<group>"; };
		00ACA9782B5FCCF7009A5B55 /* LootRow.swift */ = {isa = PBXFileReference; lastKnownFileType = sourcecode.swift; path = LootRow.swift; sourceTree = "<group>"; };
		00ACA97A2B5FD053009A5B55 /* AnimationsRow.swift */ = {isa = PBXFileReference; lastKnownFileType = sourcecode.swift; path = AnimationsRow.swift; sourceTree = "<group>"; };
		00ACA97C2B5FD19E009A5B55 /* DetailsItemRow.swift */ = {isa = PBXFileReference; lastKnownFileType = sourcecode.swift; path = DetailsItemRow.swift; sourceTree = "<group>"; };
		00ACA9A52B6160BA009A5B55 /* OnboardingView.swift */ = {isa = PBXFileReference; lastKnownFileType = sourcecode.swift; path = OnboardingView.swift; sourceTree = "<group>"; };
		00ACA9A72B6160C6009A5B55 /* OnboardingPageView.swift */ = {isa = PBXFileReference; lastKnownFileType = sourcecode.swift; path = OnboardingPageView.swift; sourceTree = "<group>"; };
/* End PBXFileReference section */

/* Begin PBXFrameworksBuildPhase section */
		006C9AC82B5A78F50034296C /* Frameworks */ = {
			isa = PBXFrameworksBuildPhase;
			buildActionMask = 2147483647;
			files = (
			);
			runOnlyForDeploymentPostprocessing = 0;
		};
/* End PBXFrameworksBuildPhase section */

/* Begin PBXGroup section */
		006C9AC22B5A78F50034296C = {
			isa = PBXGroup;
			children = (
				001114192B639A7A00AE3796 /* ProfileView.swift */,
				001114172B639A6F00AE3796 /* WishListView.swift */,
				001114152B639A6400AE3796 /* LootView.swift */,
				006C9ACD2B5A78F50034296C /* Looter */,
				006C9ACC2B5A78F50034296C /* Products */,
			);
			sourceTree = "<group>";
		};
		006C9ACC2B5A78F50034296C /* Products */ = {
			isa = PBXGroup;
			children = (
				006C9ACB2B5A78F50034296C /* Looter.app */,
			);
			name = Products;
			sourceTree = "<group>";
		};
		006C9ACD2B5A78F50034296C /* Looter */ = {
			isa = PBXGroup;
			children = (
				00ACA9A72B6160C6009A5B55 /* OnboardingPageView.swift */,
				00ACA9A52B6160BA009A5B55 /* OnboardingView.swift */,
				00ACA97C2B5FD19E009A5B55 /* DetailsItemRow.swift */,
				00ACA97A2B5FD053009A5B55 /* AnimationsRow.swift */,
				006C9ACE2B5A78F50034296C /* LooterApp.swift */,
				006C9AD02B5A78F50034296C /* ContentView.swift */,
				00ACA9782B5FCCF7009A5B55 /* LootRow.swift */,
				006C9AED2B5ABC0A0034296C /* LootDetailView.swift */,
				006C9ADC2B5A7DB50034296C /* AddItemView.swift */,
				006C9ADE2B5A8CBD0034296C /* LootItem.swift */,
				006C9AE02B5A980C0034296C /* Game.swift */,
				006C9AD22B5A78F70034296C /* Assets.xcassets */,
				006C9AD42B5A78F70034296C /* Preview Content */,
			);
			path = Looter;
			sourceTree = "<group>";
		};
		006C9AD42B5A78F70034296C /* Preview Content */ = {
			isa = PBXGroup;
			children = (
				006C9AD52B5A78F70034296C /* Preview Assets.xcassets */,
			);
			path = "Preview Content";
			sourceTree = "<group>";
		};
/* End PBXGroup section */

/* Begin PBXNativeTarget section */
		006C9ACA2B5A78F50034296C /* Looter */ = {
			isa = PBXNativeTarget;
			buildConfigurationList = 006C9AD92B5A78F70034296C /* Build configuration list for PBXNativeTarget "Looter" */;
			buildPhases = (
				006C9AC72B5A78F50034296C /* Sources */,
				006C9AC82B5A78F50034296C /* Frameworks */,
				006C9AC92B5A78F50034296C /* Resources */,
			);
			buildRules = (
			);
			dependencies = (
			);
			name = Looter;
			productName = Looter;
			productReference = 006C9ACB2B5A78F50034296C /* Looter.app */;
			productType = "com.apple.product-type.application";
		};
/* End PBXNativeTarget section */

/* Begin PBXProject section */
		006C9AC32B5A78F50034296C /* Project object */ = {
			isa = PBXProject;
			attributes = {
				BuildIndependentTargetsInParallel = 1;
				LastSwiftUpdateCheck = 1500;
				LastUpgradeCheck = 1500;
				TargetAttributes = {
					006C9ACA2B5A78F50034296C = {
						CreatedOnToolsVersion = 15.0.1;
					};
				};
			};
			buildConfigurationList = 006C9AC62B5A78F50034296C /* Build configuration list for PBXProject "Looter" */;
			compatibilityVersion = "Xcode 14.0";
			developmentRegion = en;
			hasScannedForEncodings = 0;
			knownRegions = (
				en,
				Base,
			);
			mainGroup = 006C9AC22B5A78F50034296C;
			productRefGroup = 006C9ACC2B5A78F50034296C /* Products */;
			projectDirPath = "";
			projectRoot = "";
			targets = (
				006C9ACA2B5A78F50034296C /* Looter */,
			);
		};
/* End PBXProject section */

/* Begin PBXResourcesBuildPhase section */
		006C9AC92B5A78F50034296C /* Resources */ = {
			isa = PBXResourcesBuildPhase;
			buildActionMask = 2147483647;
			files = (
				006C9AD62B5A78F70034296C /* Preview Assets.xcassets in Resources */,
				006C9AD32B5A78F70034296C /* Assets.xcassets in Resources */,
			);
			runOnlyForDeploymentPostprocessing = 0;
		};
/* End PBXResourcesBuildPhase section */

/* Begin PBXSourcesBuildPhase section */
		006C9AC72B5A78F50034296C /* Sources */ = {
			isa = PBXSourcesBuildPhase;
			buildActionMask = 2147483647;
			files = (
				006C9AD12B5A78F50034296C /* ContentView.swift in Sources */,
				001114182B639A6F00AE3796 /* WishListView.swift in Sources */,
				00ACA97B2B5FD053009A5B55 /* AnimationsRow.swift in Sources */,
				00ACA9792B5FCCF7009A5B55 /* LootRow.swift in Sources */,
				00ACA9A62B6160BA009A5B55 /* OnboardingView.swift in Sources */,
				006C9AE12B5A980C0034296C /* Game.swift in Sources */,
				00ACA9A82B6160C6009A5B55 /* OnboardingPageView.swift in Sources */,
				0011141A2B639A7A00AE3796 /* ProfileView.swift in Sources */,
				006C9ADD2B5A7DB50034296C /* AddItemView.swift in Sources */,
				001114162B639A6400AE3796 /* LootView.swift in Sources */,
				006C9AEE2B5ABC0A0034296C /* LootDetailView.swift in Sources */,
				00ACA97D2B5FD19E009A5B55 /* DetailsItemRow.swift in Sources */,
				006C9ADF2B5A8CBD0034296C /* LootItem.swift in Sources */,
				006C9ACF2B5A78F50034296C /* LooterApp.swift in Sources */,
			);
			runOnlyForDeploymentPostprocessing = 0;
		};
/* End PBXSourcesBuildPhase section */

/* Begin XCBuildConfiguration section */
		006C9AD72B5A78F70034296C /* Debug */ = {
			isa = XCBuildConfiguration;
			buildSettings = {
				ALWAYS_SEARCH_USER_PATHS = NO;
				ASSETCATALOG_COMPILER_GENERATE_SWIFT_ASSET_SYMBOL_EXTENSIONS = YES;
				CLANG_ANALYZER_NONNULL = YES;
				CLANG_ANALYZER_NUMBER_OBJECT_CONVERSION = YES_AGGRESSIVE;
				CLANG_CXX_LANGUAGE_STANDARD = "gnu++20";
				CLANG_ENABLE_MODULES = YES;
				CLANG_ENABLE_OBJC_ARC = YES;
				CLANG_ENABLE_OBJC_WEAK = YES;
				CLANG_WARN_BLOCK_CAPTURE_AUTORELEASING = YES;
				CLANG_WARN_BOOL_CONVERSION = YES;
				CLANG_WARN_COMMA = YES;
				CLANG_WARN_CONSTANT_CONVERSION = YES;
				CLANG_WARN_DEPRECATED_OBJC_IMPLEMENTATIONS = YES;
				CLANG_WARN_DIRECT_OBJC_ISA_USAGE = YES_ERROR;
				CLANG_WARN_DOCUMENTATION_COMMENTS = YES;
				CLANG_WARN_EMPTY_BODY = YES;
				CLANG_WARN_ENUM_CONVERSION = YES;
				CLANG_WARN_INFINITE_RECURSION = YES;
				CLANG_WARN_INT_CONVERSION = YES;
				CLANG_WARN_NON_LITERAL_NULL_CONVERSION = YES;
				CLANG_WARN_OBJC_IMPLICIT_RETAIN_SELF = YES;
				CLANG_WARN_OBJC_LITERAL_CONVERSION = YES;
				CLANG_WARN_OBJC_ROOT_CLASS = YES_ERROR;
				CLANG_WARN_QUOTED_INCLUDE_IN_FRAMEWORK_HEADER = YES;
				CLANG_WARN_RANGE_LOOP_ANALYSIS = YES;
				CLANG_WARN_STRICT_PROTOTYPES = YES;
				CLANG_WARN_SUSPICIOUS_MOVE = YES;
				CLANG_WARN_UNGUARDED_AVAILABILITY = YES_AGGRESSIVE;
				CLANG_WARN_UNREACHABLE_CODE = YES;
				CLANG_WARN__DUPLICATE_METHOD_MATCH = YES;
				COPY_PHASE_STRIP = NO;
				DEBUG_INFORMATION_FORMAT = dwarf;
				ENABLE_STRICT_OBJC_MSGSEND = YES;
				ENABLE_TESTABILITY = YES;
				ENABLE_USER_SCRIPT_SANDBOXING = YES;
				GCC_C_LANGUAGE_STANDARD = gnu17;
				GCC_DYNAMIC_NO_PIC = NO;
				GCC_NO_COMMON_BLOCKS = YES;
				GCC_OPTIMIZATION_LEVEL = 0;
				GCC_PREPROCESSOR_DEFINITIONS = (
					"DEBUG=1",
					"$(inherited)",
				);
				GCC_WARN_64_TO_32_BIT_CONVERSION = YES;
				GCC_WARN_ABOUT_RETURN_TYPE = YES_ERROR;
				GCC_WARN_UNDECLARED_SELECTOR = YES;
				GCC_WARN_UNINITIALIZED_AUTOS = YES_AGGRESSIVE;
				GCC_WARN_UNUSED_FUNCTION = YES;
				GCC_WARN_UNUSED_VARIABLE = YES;
				IPHONEOS_DEPLOYMENT_TARGET = 17.0;
				LOCALIZATION_PREFERS_STRING_CATALOGS = YES;
				MTL_ENABLE_DEBUG_INFO = INCLUDE_SOURCE;
				MTL_FAST_MATH = YES;
				ONLY_ACTIVE_ARCH = YES;
				SDKROOT = iphoneos;
				SWIFT_ACTIVE_COMPILATION_CONDITIONS = "DEBUG $(inherited)";
				SWIFT_OPTIMIZATION_LEVEL = "-Onone";
			};
			name = Debug;
		};
		006C9AD82B5A78F70034296C /* Release */ = {
			isa = XCBuildConfiguration;
			buildSettings = {
				ALWAYS_SEARCH_USER_PATHS = NO;
				ASSETCATALOG_COMPILER_GENERATE_SWIFT_ASSET_SYMBOL_EXTENSIONS = YES;
				CLANG_ANALYZER_NONNULL = YES;
				CLANG_ANALYZER_NUMBER_OBJECT_CONVERSION = YES_AGGRESSIVE;
				CLANG_CXX_LANGUAGE_STANDARD = "gnu++20";
				CLANG_ENABLE_MODULES = YES;
				CLANG_ENABLE_OBJC_ARC = YES;
				CLANG_ENABLE_OBJC_WEAK = YES;
				CLANG_WARN_BLOCK_CAPTURE_AUTORELEASING = YES;
				CLANG_WARN_BOOL_CONVERSION = YES;
				CLANG_WARN_COMMA = YES;
				CLANG_WARN_CONSTANT_CONVERSION = YES;
				CLANG_WARN_DEPRECATED_OBJC_IMPLEMENTATIONS = YES;
				CLANG_WARN_DIRECT_OBJC_ISA_USAGE = YES_ERROR;
				CLANG_WARN_DOCUMENTATION_COMMENTS = YES;
				CLANG_WARN_EMPTY_BODY = YES;
				CLANG_WARN_ENUM_CONVERSION = YES;
				CLANG_WARN_INFINITE_RECURSION = YES;
				CLANG_WARN_INT_CONVERSION = YES;
				CLANG_WARN_NON_LITERAL_NULL_CONVERSION = YES;
				CLANG_WARN_OBJC_IMPLICIT_RETAIN_SELF = YES;
				CLANG_WARN_OBJC_LITERAL_CONVERSION = YES;
				CLANG_WARN_OBJC_ROOT_CLASS = YES_ERROR;
				CLANG_WARN_QUOTED_INCLUDE_IN_FRAMEWORK_HEADER = YES;
				CLANG_WARN_RANGE_LOOP_ANALYSIS = YES;
				CLANG_WARN_STRICT_PROTOTYPES = YES;
				CLANG_WARN_SUSPICIOUS_MOVE = YES;
				CLANG_WARN_UNGUARDED_AVAILABILITY = YES_AGGRESSIVE;
				CLANG_WARN_UNREACHABLE_CODE = YES;
				CLANG_WARN__DUPLICATE_METHOD_MATCH = YES;
				COPY_PHASE_STRIP = NO;
				DEBUG_INFORMATION_FORMAT = "dwarf-with-dsym";
				ENABLE_NS_ASSERTIONS = NO;
				ENABLE_STRICT_OBJC_MSGSEND = YES;
				ENABLE_USER_SCRIPT_SANDBOXING = YES;
				GCC_C_LANGUAGE_STANDARD = gnu17;
				GCC_NO_COMMON_BLOCKS = YES;
				GCC_WARN_64_TO_32_BIT_CONVERSION = YES;
				GCC_WARN_ABOUT_RETURN_TYPE = YES_ERROR;
				GCC_WARN_UNDECLARED_SELECTOR = YES;
				GCC_WARN_UNINITIALIZED_AUTOS = YES_AGGRESSIVE;
				GCC_WARN_UNUSED_FUNCTION = YES;
				GCC_WARN_UNUSED_VARIABLE = YES;
				IPHONEOS_DEPLOYMENT_TARGET = 17.0;
				LOCALIZATION_PREFERS_STRING_CATALOGS = YES;
				MTL_ENABLE_DEBUG_INFO = NO;
				MTL_FAST_MATH = YES;
				SDKROOT = iphoneos;
				SWIFT_COMPILATION_MODE = wholemodule;
				VALIDATE_PRODUCT = YES;
			};
			name = Release;
		};
		006C9ADA2B5A78F70034296C /* Debug */ = {
			isa = XCBuildConfiguration;
			buildSettings = {
				ASSETCATALOG_COMPILER_APPICON_NAME = AppIcon;
				ASSETCATALOG_COMPILER_GLOBAL_ACCENT_COLOR_NAME = AccentColor;
				CODE_SIGN_STYLE = Automatic;
				CURRENT_PROJECT_VERSION = 1;
				DEVELOPMENT_ASSET_PATHS = "\"Looter/Preview Content\"";
				ENABLE_PREVIEWS = YES;
				GENERATE_INFOPLIST_FILE = YES;
				INFOPLIST_KEY_UIApplicationSceneManifest_Generation = YES;
				INFOPLIST_KEY_UIApplicationSupportsIndirectInputEvents = YES;
				INFOPLIST_KEY_UILaunchScreen_Generation = YES;
				INFOPLIST_KEY_UISupportedInterfaceOrientations_iPad = "UIInterfaceOrientationPortrait UIInterfaceOrientationPortraitUpsideDown UIInterfaceOrientationLandscapeLeft UIInterfaceOrientationLandscapeRight";
				INFOPLIST_KEY_UISupportedInterfaceOrientations_iPhone = "UIInterfaceOrientationPortrait UIInterfaceOrientationLandscapeLeft UIInterfaceOrientationLandscapeRight";
				LD_RUNPATH_SEARCH_PATHS = (
					"$(inherited)",
					"@executable_path/Frameworks",
				);
				MARKETING_VERSION = 1.0;
				PRODUCT_BUNDLE_IDENTIFIER = com.jerem.Looter;
				PRODUCT_NAME = "$(TARGET_NAME)";
				SWIFT_EMIT_LOC_STRINGS = YES;
				SWIFT_VERSION = 5.0;
				TARGETED_DEVICE_FAMILY = "1,2";
			};
			name = Debug;
		};
		006C9ADB2B5A78F70034296C /* Release */ = {
			isa = XCBuildConfiguration;
			buildSettings = {
				ASSETCATALOG_COMPILER_APPICON_NAME = AppIcon;
				ASSETCATALOG_COMPILER_GLOBAL_ACCENT_COLOR_NAME = AccentColor;
				CODE_SIGN_STYLE = Automatic;
				CURRENT_PROJECT_VERSION = 1;
				DEVELOPMENT_ASSET_PATHS = "\"Looter/Preview Content\"";
				ENABLE_PREVIEWS = YES;
				GENERATE_INFOPLIST_FILE = YES;
				INFOPLIST_KEY_UIApplicationSceneManifest_Generation = YES;
				INFOPLIST_KEY_UIApplicationSupportsIndirectInputEvents = YES;
				INFOPLIST_KEY_UILaunchScreen_Generation = YES;
				INFOPLIST_KEY_UISupportedInterfaceOrientations_iPad = "UIInterfaceOrientationPortrait UIInterfaceOrientationPortraitUpsideDown UIInterfaceOrientationLandscapeLeft UIInterfaceOrientationLandscapeRight";
				INFOPLIST_KEY_UISupportedInterfaceOrientations_iPhone = "UIInterfaceOrientationPortrait UIInterfaceOrientationLandscapeLeft UIInterfaceOrientationLandscapeRight";
				LD_RUNPATH_SEARCH_PATHS = (
					"$(inherited)",
					"@executable_path/Frameworks",
				);
				MARKETING_VERSION = 1.0;
				PRODUCT_BUNDLE_IDENTIFIER = com.jerem.Looter;
				PRODUCT_NAME = "$(TARGET_NAME)";
				SWIFT_EMIT_LOC_STRINGS = YES;
				SWIFT_VERSION = 5.0;
				TARGETED_DEVICE_FAMILY = "1,2";
			};
			name = Release;
		};
/* End XCBuildConfiguration section */

/* Begin XCConfigurationList section */
		006C9AC62B5A78F50034296C /* Build configuration list for PBXProject "Looter" */ = {
			isa = XCConfigurationList;
			buildConfigurations = (
				006C9AD72B5A78F70034296C /* Debug */,
				006C9AD82B5A78F70034296C /* Release */,
			);
			defaultConfigurationIsVisible = 0;
			defaultConfigurationName = Release;
		};
		006C9AD92B5A78F70034296C /* Build configuration list for PBXNativeTarget "Looter" */ = {
			isa = XCConfigurationList;
			buildConfigurations = (
				006C9ADA2B5A78F70034296C /* Debug */,
				006C9ADB2B5A78F70034296C /* Release */,
			);
			defaultConfigurationIsVisible = 0;
			defaultConfigurationName = Release;
		};
/* End XCConfigurationList section */
	};
	rootObject = 006C9AC32B5A78F50034296C /* Project object */;
}
